
Microsoft Visual Studio Solution File, Format Version 12.00
# Visual Studio Version 17
VisualStudioVersion = 17.0.31903.59
MinimumVisualStudioVersion = 10.0.40219.1
Project("{9A19103F-16F7-4668-BE54-9A1E7A4F7556}") = "IGNGame", "IGNGame\IGNGame.csproj", "{FCD69AA2-F8A8-43D3-A5B6-8E5C10EBED73}"
	ProjectSection(ProjectDependencies) = postProject
		{5E9E6D9B-C06A-4D90-A0D4-38DD967145C4} = {5E9E6D9B-C06A-4D90-A0D4-38DD967145C4}
		{B5AFC422-9922-497F-8C52-A9CD7D8B4EC8} = {B5AFC422-9922-497F-8C52-A9CD7D8B4EC8}
	EndProjectSection
EndProject
Project("{8BC9CEB8-8B4A-11D0-8D11-00A0C91BC942}") = "IGNGameExtraNativesWin", "IGNGameExtraNativesWin\IGNGameExtraNativesWin.vcxproj", "{5E9E6D9B-C06A-4D90-A0D4-38DD967145C4}"
EndProject
Project("{8BC9CEB8-8B4A-11D0-8D11-00A0C91BC942}") = "IGNGameNatives", "IGNGameNatives\IGNGameNatives.vcxproj", "{B5AFC422-9922-497F-8C52-A9CD7D8B4EC8}"
EndProject
Project("{FAE04EC0-301F-11D3-BF4B-00C04F79EFBC}") = "IGNGame.Engine.Natives", "IGNGame.Engine.Natives\IGNGame.Engine.Natives.csproj", "{4A4D1659-A395-4F4D-8FDD-F9ADA45DF0E2}"
EndProject
Project("{FAE04EC0-301F-11D3-BF4B-00C04F79EFBC}") = "IGNGame64", "IGNGame64\IGNGame64.csproj", "{56354213-613C-4CA2-A80F-AAB1953FFB70}"
EndProject
Global
	GlobalSection(SolutionConfigurationPlatforms) = preSolution
		Debug|x64 = Debug|x64
		Debug|x86 = Debug|x86
		Release|x64 = Release|x64
		Release|x86 = Release|x86
	EndGlobalSection
	GlobalSection(ProjectConfigurationPlatforms) = postSolution
		{FCD69AA2-F8A8-43D3-A5B6-8E5C10EBED73}.Debug|x64.ActiveCfg = Debug|x86
		{FCD69AA2-F8A8-43D3-A5B6-8E5C10EBED73}.Debug|x86.ActiveCfg = Debug|x86
		{FCD69AA2-F8A8-43D3-A5B6-8E5C10EBED73}.Debug|x86.Build.0 = Debug|x86
		{FCD69AA2-F8A8-43D3-A5B6-8E5C10EBED73}.Release|x64.ActiveCfg = Release|x86
		{FCD69AA2-F8A8-43D3-A5B6-8E5C10EBED73}.Release|x86.ActiveCfg = Release|x86
		{FCD69AA2-F8A8-43D3-A5B6-8E5C10EBED73}.Release|x86.Build.0 = Release|x86
		{5E9E6D9B-C06A-4D90-A0D4-38DD967145C4}.Debug|x64.ActiveCfg = Debug|x64
		{5E9E6D9B-C06A-4D90-A0D4-38DD967145C4}.Debug|x64.Build.0 = Debug|x64
		{5E9E6D9B-C06A-4D90-A0D4-38DD967145C4}.Debug|x86.ActiveCfg = Debug|Win32
		{5E9E6D9B-C06A-4D90-A0D4-38DD967145C4}.Debug|x86.Build.0 = Debug|Win32
		{5E9E6D9B-C06A-4D90-A0D4-38DD967145C4}.Release|x64.ActiveCfg = Release|x64
		{5E9E6D9B-C06A-4D90-A0D4-38DD967145C4}.Release|x64.Build.0 = Release|x64
		{5E9E6D9B-C06A-4D90-A0D4-38DD967145C4}.Release|x86.ActiveCfg = Release|Win32
		{5E9E6D9B-C06A-4D90-A0D4-38DD967145C4}.Release|x86.Build.0 = Release|Win32
		{B5AFC422-9922-497F-8C52-A9CD7D8B4EC8}.Debug|x64.ActiveCfg = Debug|x64
		{B5AFC422-9922-497F-8C52-A9CD7D8B4EC8}.Debug|x64.Build.0 = Debug|x64
		{B5AFC422-9922-497F-8C52-A9CD7D8B4EC8}.Debug|x64.Deploy.0 = Debug|x64
		{B5AFC422-9922-497F-8C52-A9CD7D8B4EC8}.Debug|x86.ActiveCfg = Debug|x86
		{B5AFC422-9922-497F-8C52-A9CD7D8B4EC8}.Debug|x86.Build.0 = Debug|x86
		{B5AFC422-9922-497F-8C52-A9CD7D8B4EC8}.Debug|x86.Deploy.0 = Debug|x86
		{B5AFC422-9922-497F-8C52-A9CD7D8B4EC8}.Release|x64.ActiveCfg = Release|x64
		{B5AFC422-9922-497F-8C52-A9CD7D8B4EC8}.Release|x64.Build.0 = Release|x64
		{B5AFC422-9922-497F-8C52-A9CD7D8B4EC8}.Release|x64.Deploy.0 = Release|x64
		{B5AFC422-9922-497F-8C52-A9CD7D8B4EC8}.Release|x86.ActiveCfg = Release|x86
		{B5AFC422-9922-497F-8C52-A9CD7D8B4EC8}.Release|x86.Build.0 = Release|x86
		{B5AFC422-9922-497F-8C52-A9CD7D8B4EC8}.Release|x86.Deploy.0 = Release|x86
		{4A4D1659-A395-4F4D-8FDD-F9ADA45DF0E2}.Debug|x64.ActiveCfg = Debug|x64
		{4A4D1659-A395-4F4D-8FDD-F9ADA45DF0E2}.Debug|x64.Build.0 = Debug|x64
		{4A4D1659-A395-4F4D-8FDD-F9ADA45DF0E2}.Debug|x86.ActiveCfg = Debug|x86
		{4A4D1659-A395-4F4D-8FDD-F9ADA45DF0E2}.Debug|x86.Build.0 = Debug|x86
		{4A4D1659-A395-4F4D-8FDD-F9ADA45DF0E2}.Release|x64.ActiveCfg = Release|x64
		{4A4D1659-A395-4F4D-8FDD-F9ADA45DF0E2}.Release|x64.Build.0 = Release|x64
		{4A4D1659-A395-4F4D-8FDD-F9ADA45DF0E2}.Release|x86.ActiveCfg = Release|x86
		{4A4D1659-A395-4F4D-8FDD-F9ADA45DF0E2}.Release|x86.Build.0 = Release|x86
		{56354213-613C-4CA2-A80F-AAB1953FFB70}.Debug|x64.ActiveCfg = Debug|x64
		{56354213-613C-4CA2-A80F-AAB1953FFB70}.Debug|x64.Build.0 = Debug|x64
		{56354213-613C-4CA2-A80F-AAB1953FFB70}.Debug|x86.ActiveCfg = Debug|x64
		{56354213-613C-4CA2-A80F-AAB1953FFB70}.Release|x64.ActiveCfg = Release|x64
		{56354213-613C-4CA2-A80F-AAB1953FFB70}.Release|x64.Build.0 = Release|x64
		{56354213-613C-4CA2-A80F-AAB1953FFB70}.Release|x86.ActiveCfg = Release|x64
	EndGlobalSection
	GlobalSection(SolutionProperties) = preSolution
		HideSolutionNode = FALSE
	EndGlobalSection
	GlobalSection(ExtensibilityGlobals) = postSolution
		SolutionGuid = {5D2F6F6A-5424-4ABD-B9CD-D77CE2EB64B5}
	EndGlobalSection
EndGlobal
